// !$*UTF8*$!
{
	archiveVersion = 1;
	classes = {
	};
	objectVersion = 46;
	objects = {

/* Begin PBXBuildFile section */
		6F24169D18EE5DE000507FCE /* WXURLTests.m in Sources */ = {isa = PBXBuildFile; fileRef = 6F24169C18EE5DE000507FCE /* WXURLTests.m */; };
		6F24169F18EE5F4600507FCE /* WXMutableStringTests.m in Sources */ = {isa = PBXBuildFile; fileRef = 6F24169E18EE5F4600507FCE /* WXMutableStringTests.m */; };
		6F2416A118EE5F8500507FCE /* WXDeviceTests.m in Sources */ = {isa = PBXBuildFile; fileRef = 6F2416A018EE5F8500507FCE /* WXDeviceTests.m */; };
		6F472D231A8AC04A00E65202 /* WXMacroTests.m in Sources */ = {isa = PBXBuildFile; fileRef = 6F472D221A8AC04A00E65202 /* WXMacroTests.m */; };
		6F4B52BD18681E1F00F37378 /* Foundation.framework in Frameworks */ = {isa = PBXBuildFile; fileRef = 6F4B52BC18681E1F00F37378 /* Foundation.framework */; };
		6F4B52BF18681E1F00F37378 /* CoreGraphics.framework in Frameworks */ = {isa = PBXBuildFile; fileRef = 6F4B52BE18681E1F00F37378 /* CoreGraphics.framework */; };
		6F4B52C118681E1F00F37378 /* UIKit.framework in Frameworks */ = {isa = PBXBuildFile; fileRef = 6F4B52C018681E1F00F37378 /* UIKit.framework */; };
		6F4B52C718681E1F00F37378 /* InfoPlist.strings in Resources */ = {isa = PBXBuildFile; fileRef = 6F4B52C518681E1F00F37378 /* InfoPlist.strings */; };
		6F4B52C918681E1F00F37378 /* main.m in Sources */ = {isa = PBXBuildFile; fileRef = 6F4B52C818681E1F00F37378 /* main.m */; };
		6F4B52CD18681E1F00F37378 /* WXAppDelegate.m in Sources */ = {isa = PBXBuildFile; fileRef = 6F4B52CC18681E1F00F37378 /* WXAppDelegate.m */; };
		6F4B52CF18681E1F00F37378 /* Images.xcassets in Resources */ = {isa = PBXBuildFile; fileRef = 6F4B52CE18681E1F00F37378 /* Images.xcassets */; };
		6F4B52D618681E1F00F37378 /* XCTest.framework in Frameworks */ = {isa = PBXBuildFile; fileRef = 6F4B52D518681E1F00F37378 /* XCTest.framework */; };
		6F4B52D718681E1F00F37378 /* Foundation.framework in Frameworks */ = {isa = PBXBuildFile; fileRef = 6F4B52BC18681E1F00F37378 /* Foundation.framework */; };
		6F4B52D818681E1F00F37378 /* UIKit.framework in Frameworks */ = {isa = PBXBuildFile; fileRef = 6F4B52C018681E1F00F37378 /* UIKit.framework */; };
		6F4B52E018681E1F00F37378 /* InfoPlist.strings in Resources */ = {isa = PBXBuildFile; fileRef = 6F4B52DE18681E1F00F37378 /* InfoPlist.strings */; };
		6F4B530C1868420100F37378 /* WXArrayTests.m in Sources */ = {isa = PBXBuildFile; fileRef = 6F4B530B1868420100F37378 /* WXArrayTests.m */; };
		6F5AFFCE18F212EC00B5BE21 /* WXIsObjectEqualTests.m in Sources */ = {isa = PBXBuildFile; fileRef = 6F5AFFCD18F212EC00B5BE21 /* WXIsObjectEqualTests.m */; };
		6F6A5E241B1E7AB40040DA5A /* NSArray+WXKit.m in Sources */ = {isa = PBXBuildFile; fileRef = 6F6A5DE61B1E7AB40040DA5A /* NSArray+WXKit.m */; };
		6F6A5E251B1E7AB40040DA5A /* NSDate+WXKit.m in Sources */ = {isa = PBXBuildFile; fileRef = 6F6A5DE81B1E7AB40040DA5A /* NSDate+WXKit.m */; };
		6F6A5E261B1E7AB40040DA5A /* NSManagedObject+WXKit.m in Sources */ = {isa = PBXBuildFile; fileRef = 6F6A5DEA1B1E7AB40040DA5A /* NSManagedObject+WXKit.m */; };
		6F6A5E271B1E7AB40040DA5A /* NSManagedObjectContext+WXKit.m in Sources */ = {isa = PBXBuildFile; fileRef = 6F6A5DEC1B1E7AB40040DA5A /* NSManagedObjectContext+WXKit.m */; };
		6F6A5E281B1E7AB40040DA5A /* NSMutableArray+WXKit.m in Sources */ = {isa = PBXBuildFile; fileRef = 6F6A5DEE1B1E7AB40040DA5A /* NSMutableArray+WXKit.m */; };
		6F6A5E291B1E7AB40040DA5A /* NSMutableString+WXKit.m in Sources */ = {isa = PBXBuildFile; fileRef = 6F6A5DF01B1E7AB40040DA5A /* NSMutableString+WXKit.m */; };
		6F6A5E2A1B1E7AB40040DA5A /* NSNumber+WXKit.m in Sources */ = {isa = PBXBuildFile; fileRef = 6F6A5DF21B1E7AB40040DA5A /* NSNumber+WXKit.m */; };
		6F6A5E2B1B1E7AB40040DA5A /* NSObject+WXKit.m in Sources */ = {isa = PBXBuildFile; fileRef = 6F6A5DF41B1E7AB40040DA5A /* NSObject+WXKit.m */; };
		6F6A5E2C1B1E7AB40040DA5A /* NSString+WXKit.m in Sources */ = {isa = PBXBuildFile; fileRef = 6F6A5DF61B1E7AB40040DA5A /* NSString+WXKit.m */; };
		6F6A5E2D1B1E7AB40040DA5A /* NSURL+WXKit.m in Sources */ = {isa = PBXBuildFile; fileRef = 6F6A5DF81B1E7AB40040DA5A /* NSURL+WXKit.m */; };
		6F6A5E2E1B1E7AB40040DA5A /* UIBarButtonItem+WXKit.m in Sources */ = {isa = PBXBuildFile; fileRef = 6F6A5DFC1B1E7AB40040DA5A /* UIBarButtonItem+WXKit.m */; };
		6F6A5E2F1B1E7AB40040DA5A /* UIColor+WXKit.m in Sources */ = {isa = PBXBuildFile; fileRef = 6F6A5DFE1B1E7AB40040DA5A /* UIColor+WXKit.m */; };
		6F6A5E301B1E7AB40040DA5A /* UIDevice+WXKit.m in Sources */ = {isa = PBXBuildFile; fileRef = 6F6A5E001B1E7AB40040DA5A /* UIDevice+WXKit.m */; };
		6F6A5E311B1E7AB40040DA5A /* UIImage+WXKit.m in Sources */ = {isa = PBXBuildFile; fileRef = 6F6A5E021B1E7AB40040DA5A /* UIImage+WXKit.m */; };
		6F6A5E321B1E7AB40040DA5A /* UIImageView+WXKit.m in Sources */ = {isa = PBXBuildFile; fileRef = 6F6A5E041B1E7AB40040DA5A /* UIImageView+WXKit.m */; };
		6F6A5E331B1E7AB40040DA5A /* UILabel+WXKit.m in Sources */ = {isa = PBXBuildFile; fileRef = 6F6A5E061B1E7AB40040DA5A /* UILabel+WXKit.m */; };
		6F6A5E341B1E7AB40040DA5A /* UIView+WXKit.m in Sources */ = {isa = PBXBuildFile; fileRef = 6F6A5E081B1E7AB40040DA5A /* UIView+WXKit.m */; };
		6F6A5E351B1E7AB40040DA5A /* WXActionSheet.m in Sources */ = {isa = PBXBuildFile; fileRef = 6F6A5E0C1B1E7AB40040DA5A /* WXActionSheet.m */; };
		6F6A5E361B1E7AB40040DA5A /* WXAlertView.m in Sources */ = {isa = PBXBuildFile; fileRef = 6F6A5E0E1B1E7AB40040DA5A /* WXAlertView.m */; };
		6F6A5E371B1E7AB40040DA5A /* WXBarButtonItem.m in Sources */ = {isa = PBXBuildFile; fileRef = 6F6A5E101B1E7AB40040DA5A /* WXBarButtonItem.m */; };
		6F6A5E381B1E7AB40040DA5A /* WXButton.m in Sources */ = {isa = PBXBuildFile; fileRef = 6F6A5E121B1E7AB40040DA5A /* WXButton.m */; };
		6F6A5E391B1E7AB40040DA5A /* WXDownloadProgressView.m in Sources */ = {isa = PBXBuildFile; fileRef = 6F6A5E141B1E7AB40040DA5A /* WXDownloadProgressView.m */; };
		6F6A5E3A1B1E7AB40040DA5A /* WXLabel.m in Sources */ = {isa = PBXBuildFile; fileRef = 6F6A5E161B1E7AB40040DA5A /* WXLabel.m */; };
		6F6A5E3B1B1E7AB40040DA5A /* WXProgressView.m in Sources */ = {isa = PBXBuildFile; fileRef = 6F6A5E181B1E7AB40040DA5A /* WXProgressView.m */; };
		6F6A5E3C1B1E7AB40040DA5A /* WXTextInput.m in Sources */ = {isa = PBXBuildFile; fileRef = 6F6A5E1A1B1E7AB40040DA5A /* WXTextInput.m */; };
		6F6A5E3D1B1E7AB40040DA5A /* WXTextLabel.m in Sources */ = {isa = PBXBuildFile; fileRef = 6F6A5E1C1B1E7AB40040DA5A /* WXTextLabel.m */; };
		6F6A5E3E1B1E7AB40040DA5A /* WXView.m in Sources */ = {isa = PBXBuildFile; fileRef = 6F6A5E1F1B1E7AB40040DA5A /* WXView.m */; };
		6F6A5E3F1B1E7AB40040DA5A /* WXBlockDebouncer.m in Sources */ = {isa = PBXBuildFile; fileRef = 6F6A5E221B1E7AB40040DA5A /* WXBlockDebouncer.m */; };
		6F6A5E451B1E7AD40040DA5A /* XCTestCase+WXKit.m in Sources */ = {isa = PBXBuildFile; fileRef = 6F6A5E441B1E7AD40040DA5A /* XCTestCase+WXKit.m */; };
		6F6A5E481B1E7F380040DA5A /* WXProgressButton.m in Sources */ = {isa = PBXBuildFile; fileRef = 6F6A5E471B1E7F380040DA5A /* WXProgressButton.m */; };
		6F88A6AB18EE1AD600B9F8DA /* WXKit.xcdatamodeld in Sources */ = {isa = PBXBuildFile; fileRef = 6F88A6A918EE1AD600B9F8DA /* WXKit.xcdatamodeld */; };
		6F88A6B818EE1FC000B9F8DA /* WXManagedObjectContextTests.m in Sources */ = {isa = PBXBuildFile; fileRef = 6F88A6B718EE1FC000B9F8DA /* WXManagedObjectContextTests.m */; };
		6F88A6BB18EE216500B9F8DA /* WXTestDefaults.m in Sources */ = {isa = PBXBuildFile; fileRef = 6F88A6BA18EE216500B9F8DA /* WXTestDefaults.m */; };
		6F88A6CA18EE283300B9F8DA /* WXAccount.m in Sources */ = {isa = PBXBuildFile; fileRef = 6F88A6C918EE283300B9F8DA /* WXAccount.m */; };
		6F88A6CD18EE283400B9F8DA /* WXCompany.m in Sources */ = {isa = PBXBuildFile; fileRef = 6F88A6CC18EE283400B9F8DA /* WXCompany.m */; };
		6F88A6CE18EE2AA500B9F8DA /* WXKit.xcdatamodeld in Sources */ = {isa = PBXBuildFile; fileRef = 6F88A6A918EE1AD600B9F8DA /* WXKit.xcdatamodeld */; };
		6F88A6D018EE2C7300B9F8DA /* WXManagedObjectTests.m in Sources */ = {isa = PBXBuildFile; fileRef = 6F88A6CF18EE2C7300B9F8DA /* WXManagedObjectTests.m */; };
		6F8B531518F0388D003F62DB /* WXWaitWhileTest.m in Sources */ = {isa = PBXBuildFile; fileRef = 6F8B531418F0388D003F62DB /* WXWaitWhileTest.m */; };
		6FA7BD7C1910D62D0089B741 /* WXUnitTests.m in Sources */ = {isa = PBXBuildFile; fileRef = 6FA7BD7B1910D62D0089B741 /* WXUnitTests.m */; };
		6FB1937018FB6EF1002820B4 /* WXUser.m in Sources */ = {isa = PBXBuildFile; fileRef = 6FB1936F18FB6EF1002820B4 /* WXUser.m */; };
		6FB1937418FB6F4E002820B4 /* WXObjectTests.m in Sources */ = {isa = PBXBuildFile; fileRef = 6FB1937318FB6F4E002820B4 /* WXObjectTests.m */; };
		6FD550B61869072200FA1277 /* WXStringTests.m in Sources */ = {isa = PBXBuildFile; fileRef = 6FD550B51869072200FA1277 /* WXStringTests.m */; };
		6FD550B8186913C900FA1277 /* WXDateTests.m in Sources */ = {isa = PBXBuildFile; fileRef = 6FD550B7186913C900FA1277 /* WXDateTests.m */; };
		6FEE33F2186ED43800F084A8 /* WXUIColorTests.m in Sources */ = {isa = PBXBuildFile; fileRef = 6FEE33F1186ED43800F084A8 /* WXUIColorTests.m */; };
		6FF6CFE6191755B700767C93 /* Storyboard.storyboard in Resources */ = {isa = PBXBuildFile; fileRef = 6FF6CFE5191755B700767C93 /* Storyboard.storyboard */; };
		6FF6CFEC19175F2E00767C93 /* QuartzCore.framework in Frameworks */ = {isa = PBXBuildFile; fileRef = 6FF6CFEB19175F2E00767C93 /* QuartzCore.framework */; };
		6FF6CFEF1917790D00767C93 /* WXViewController.m in Sources */ = {isa = PBXBuildFile; fileRef = 6FF6CFEE1917790D00767C93 /* WXViewController.m */; };
/* End PBXBuildFile section */

/* Begin PBXContainerItemProxy section */
		6F4B52D918681E1F00F37378 /* PBXContainerItemProxy */ = {
			isa = PBXContainerItemProxy;
			containerPortal = 6F4B52B118681E1E00F37378 /* Project object */;
			proxyType = 1;
			remoteGlobalIDString = 6F4B52B818681E1E00F37378;
			remoteInfo = WXKit;
		};
/* End PBXContainerItemProxy section */

/* Begin PBXFileReference section */
		6F24169C18EE5DE000507FCE /* WXURLTests.m */ = {isa = PBXFileReference; fileEncoding = 4; lastKnownFileType = sourcecode.c.objc; path = WXURLTests.m; sourceTree = "<group>"; };
		6F24169E18EE5F4600507FCE /* WXMutableStringTests.m */ = {isa = PBXFileReference; fileEncoding = 4; lastKnownFileType = sourcecode.c.objc; path = WXMutableStringTests.m; sourceTree = "<group>"; };
		6F2416A018EE5F8500507FCE /* WXDeviceTests.m */ = {isa = PBXFileReference; fileEncoding = 4; lastKnownFileType = sourcecode.c.objc; path = WXDeviceTests.m; sourceTree = "<group>"; };
		6F472D221A8AC04A00E65202 /* WXMacroTests.m */ = {isa = PBXFileReference; fileEncoding = 4; lastKnownFileType = sourcecode.c.objc; path = WXMacroTests.m; sourceTree = "<group>"; };
		6F4B52B918681E1F00F37378 /* WXKit.app */ = {isa = PBXFileReference; explicitFileType = wrapper.application; includeInIndex = 0; path = WXKit.app; sourceTree = BUILT_PRODUCTS_DIR; };
		6F4B52BC18681E1F00F37378 /* Foundation.framework */ = {isa = PBXFileReference; lastKnownFileType = wrapper.framework; name = Foundation.framework; path = System/Library/Frameworks/Foundation.framework; sourceTree = SDKROOT; };
		6F4B52BE18681E1F00F37378 /* CoreGraphics.framework */ = {isa = PBXFileReference; lastKnownFileType = wrapper.framework; name = CoreGraphics.framework; path = System/Library/Frameworks/CoreGraphics.framework; sourceTree = SDKROOT; };
		6F4B52C018681E1F00F37378 /* UIKit.framework */ = {isa = PBXFileReference; lastKnownFileType = wrapper.framework; name = UIKit.framework; path = System/Library/Frameworks/UIKit.framework; sourceTree = SDKROOT; };
		6F4B52C418681E1F00F37378 /* WXKit-Info.plist */ = {isa = PBXFileReference; lastKnownFileType = text.plist.xml; path = "WXKit-Info.plist"; sourceTree = "<group>"; };
		6F4B52C618681E1F00F37378 /* en */ = {isa = PBXFileReference; lastKnownFileType = text.plist.strings; name = en; path = en.lproj/InfoPlist.strings; sourceTree = "<group>"; };
		6F4B52C818681E1F00F37378 /* main.m */ = {isa = PBXFileReference; lastKnownFileType = sourcecode.c.objc; path = main.m; sourceTree = "<group>"; };
		6F4B52CA18681E1F00F37378 /* WXKit-Prefix.pch */ = {isa = PBXFileReference; lastKnownFileType = sourcecode.c.h; path = "WXKit-Prefix.pch"; sourceTree = "<group>"; };
		6F4B52CB18681E1F00F37378 /* WXAppDelegate.h */ = {isa = PBXFileReference; lastKnownFileType = sourcecode.c.h; path = WXAppDelegate.h; sourceTree = "<group>"; };
		6F4B52CC18681E1F00F37378 /* WXAppDelegate.m */ = {isa = PBXFileReference; lastKnownFileType = sourcecode.c.objc; path = WXAppDelegate.m; sourceTree = "<group>"; };
		6F4B52CE18681E1F00F37378 /* Images.xcassets */ = {isa = PBXFileReference; lastKnownFileType = folder.assetcatalog; path = Images.xcassets; sourceTree = "<group>"; };
		6F4B52D418681E1F00F37378 /* WXKitTests.xctest */ = {isa = PBXFileReference; explicitFileType = wrapper.cfbundle; includeInIndex = 0; path = WXKitTests.xctest; sourceTree = BUILT_PRODUCTS_DIR; };
		6F4B52D518681E1F00F37378 /* XCTest.framework */ = {isa = PBXFileReference; lastKnownFileType = wrapper.framework; name = XCTest.framework; path = Library/Frameworks/XCTest.framework; sourceTree = DEVELOPER_DIR; };
		6F4B52DD18681E1F00F37378 /* WXKitTests-Info.plist */ = {isa = PBXFileReference; lastKnownFileType = text.plist.xml; path = "WXKitTests-Info.plist"; sourceTree = "<group>"; };
		6F4B52DF18681E1F00F37378 /* en */ = {isa = PBXFileReference; lastKnownFileType = text.plist.strings; name = en; path = en.lproj/InfoPlist.strings; sourceTree = "<group>"; };
		6F4B530B1868420100F37378 /* WXArrayTests.m */ = {isa = PBXFileReference; fileEncoding = 4; lastKnownFileType = sourcecode.c.objc; path = WXArrayTests.m; sourceTree = "<group>"; };
		6F5AFFCD18F212EC00B5BE21 /* WXIsObjectEqualTests.m */ = {isa = PBXFileReference; fileEncoding = 4; lastKnownFileType = sourcecode.c.objc; path = WXIsObjectEqualTests.m; sourceTree = "<group>"; };
		6F6A5DE51B1E7AB40040DA5A /* NSArray+WXKit.h */ = {isa = PBXFileReference; fileEncoding = 4; lastKnownFileType = sourcecode.c.h; path = "NSArray+WXKit.h"; sourceTree = "<group>"; };
		6F6A5DE61B1E7AB40040DA5A /* NSArray+WXKit.m */ = {isa = PBXFileReference; fileEncoding = 4; lastKnownFileType = sourcecode.c.objc; path = "NSArray+WXKit.m"; sourceTree = "<group>"; };
		6F6A5DE71B1E7AB40040DA5A /* NSDate+WXKit.h */ = {isa = PBXFileReference; fileEncoding = 4; lastKnownFileType = sourcecode.c.h; path = "NSDate+WXKit.h"; sourceTree = "<group>"; };
		6F6A5DE81B1E7AB40040DA5A /* NSDate+WXKit.m */ = {isa = PBXFileReference; fileEncoding = 4; lastKnownFileType = sourcecode.c.objc; path = "NSDate+WXKit.m"; sourceTree = "<group>"; };
		6F6A5DE91B1E7AB40040DA5A /* NSManagedObject+WXKit.h */ = {isa = PBXFileReference; fileEncoding = 4; lastKnownFileType = sourcecode.c.h; path = "NSManagedObject+WXKit.h"; sourceTree = "<group>"; };
		6F6A5DEA1B1E7AB40040DA5A /* NSManagedObject+WXKit.m */ = {isa = PBXFileReference; fileEncoding = 4; lastKnownFileType = sourcecode.c.objc; path = "NSManagedObject+WXKit.m"; sourceTree = "<group>"; };
		6F6A5DEB1B1E7AB40040DA5A /* NSManagedObjectContext+WXKit.h */ = {isa = PBXFileReference; fileEncoding = 4; lastKnownFileType = sourcecode.c.h; path = "NSManagedObjectContext+WXKit.h"; sourceTree = "<group>"; };
		6F6A5DEC1B1E7AB40040DA5A /* NSManagedObjectContext+WXKit.m */ = {isa = PBXFileReference; fileEncoding = 4; lastKnownFileType = sourcecode.c.objc; path = "NSManagedObjectContext+WXKit.m"; sourceTree = "<group>"; };
		6F6A5DED1B1E7AB40040DA5A /* NSMutableArray+WXKit.h */ = {isa = PBXFileReference; fileEncoding = 4; lastKnownFileType = sourcecode.c.h; path = "NSMutableArray+WXKit.h"; sourceTree = "<group>"; };
		6F6A5DEE1B1E7AB40040DA5A /* NSMutableArray+WXKit.m */ = {isa = PBXFileReference; fileEncoding = 4; lastKnownFileType = sourcecode.c.objc; path = "NSMutableArray+WXKit.m"; sourceTree = "<group>"; };
		6F6A5DEF1B1E7AB40040DA5A /* NSMutableString+WXKit.h */ = {isa = PBXFileReference; fileEncoding = 4; lastKnownFileType = sourcecode.c.h; path = "NSMutableString+WXKit.h"; sourceTree = "<group>"; };
		6F6A5DF01B1E7AB40040DA5A /* NSMutableString+WXKit.m */ = {isa = PBXFileReference; fileEncoding = 4; lastKnownFileType = sourcecode.c.objc; path = "NSMutableString+WXKit.m"; sourceTree = "<group>"; };
		6F6A5DF11B1E7AB40040DA5A /* NSNumber+WXKit.h */ = {isa = PBXFileReference; fileEncoding = 4; lastKnownFileType = sourcecode.c.h; path = "NSNumber+WXKit.h"; sourceTree = "<group>"; };
		6F6A5DF21B1E7AB40040DA5A /* NSNumber+WXKit.m */ = {isa = PBXFileReference; fileEncoding = 4; lastKnownFileType = sourcecode.c.objc; path = "NSNumber+WXKit.m"; sourceTree = "<group>"; };
		6F6A5DF31B1E7AB40040DA5A /* NSObject+WXKit.h */ = {isa = PBXFileReference; fileEncoding = 4; lastKnownFileType = sourcecode.c.h; path = "NSObject+WXKit.h"; sourceTree = "<group>"; };
		6F6A5DF41B1E7AB40040DA5A /* NSObject+WXKit.m */ = {isa = PBXFileReference; fileEncoding = 4; lastKnownFileType = sourcecode.c.objc; path = "NSObject+WXKit.m"; sourceTree = "<group>"; };
		6F6A5DF51B1E7AB40040DA5A /* NSString+WXKit.h */ = {isa = PBXFileReference; fileEncoding = 4; lastKnownFileType = sourcecode.c.h; path = "NSString+WXKit.h"; sourceTree = "<group>"; };
		6F6A5DF61B1E7AB40040DA5A /* NSString+WXKit.m */ = {isa = PBXFileReference; fileEncoding = 4; lastKnownFileType = sourcecode.c.objc; path = "NSString+WXKit.m"; sourceTree = "<group>"; };
		6F6A5DF71B1E7AB40040DA5A /* NSURL+WXKit.h */ = {isa = PBXFileReference; fileEncoding = 4; lastKnownFileType = sourcecode.c.h; path = "NSURL+WXKit.h"; sourceTree = "<group>"; };
		6F6A5DF81B1E7AB40040DA5A /* NSURL+WXKit.m */ = {isa = PBXFileReference; fileEncoding = 4; lastKnownFileType = sourcecode.c.objc; path = "NSURL+WXKit.m"; sourceTree = "<group>"; };
		6F6A5DF91B1E7AB40040DA5A /* WXFundation.h */ = {isa = PBXFileReference; fileEncoding = 4; lastKnownFileType = sourcecode.c.h; path = WXFundation.h; sourceTree = "<group>"; };
		6F6A5DFB1B1E7AB40040DA5A /* UIBarButtonItem+WXKit.h */ = {isa = PBXFileReference; fileEncoding = 4; lastKnownFileType = sourcecode.c.h; path = "UIBarButtonItem+WXKit.h"; sourceTree = "<group>"; };
		6F6A5DFC1B1E7AB40040DA5A /* UIBarButtonItem+WXKit.m */ = {isa = PBXFileReference; fileEncoding = 4; lastKnownFileType = sourcecode.c.objc; path = "UIBarButtonItem+WXKit.m"; sourceTree = "<group>"; };
		6F6A5DFD1B1E7AB40040DA5A /* UIColor+WXKit.h */ = {isa = PBXFileReference; fileEncoding = 4; lastKnownFileType = sourcecode.c.h; path = "UIColor+WXKit.h"; sourceTree = "<group>"; };
		6F6A5DFE1B1E7AB40040DA5A /* UIColor+WXKit.m */ = {isa = PBXFileReference; fileEncoding = 4; lastKnownFileType = sourcecode.c.objc; path = "UIColor+WXKit.m"; sourceTree = "<group>"; };
		6F6A5DFF1B1E7AB40040DA5A /* UIDevice+WXKit.h */ = {isa = PBXFileReference; fileEncoding = 4; lastKnownFileType = sourcecode.c.h; path = "UIDevice+WXKit.h"; sourceTree = "<group>"; };
		6F6A5E001B1E7AB40040DA5A /* UIDevice+WXKit.m */ = {isa = PBXFileReference; fileEncoding = 4; lastKnownFileType = sourcecode.c.objc; path = "UIDevice+WXKit.m"; sourceTree = "<group>"; };
		6F6A5E011B1E7AB40040DA5A /* UIImage+WXKit.h */ = {isa = PBXFileReference; fileEncoding = 4; lastKnownFileType = sourcecode.c.h; path = "UIImage+WXKit.h"; sourceTree = "<group>"; };
		6F6A5E021B1E7AB40040DA5A /* UIImage+WXKit.m */ = {isa = PBXFileReference; fileEncoding = 4; lastKnownFileType = sourcecode.c.objc; path = "UIImage+WXKit.m"; sourceTree = "<group>"; };
		6F6A5E031B1E7AB40040DA5A /* UIImageView+WXKit.h */ = {isa = PBXFileReference; fileEncoding = 4; lastKnownFileType = sourcecode.c.h; path = "UIImageView+WXKit.h"; sourceTree = "<group>"; };
		6F6A5E041B1E7AB40040DA5A /* UIImageView+WXKit.m */ = {isa = PBXFileReference; fileEncoding = 4; lastKnownFileType = sourcecode.c.objc; path = "UIImageView+WXKit.m"; sourceTree = "<group>"; };
		6F6A5E051B1E7AB40040DA5A /* UILabel+WXKit.h */ = {isa = PBXFileReference; fileEncoding = 4; lastKnownFileType = sourcecode.c.h; path = "UILabel+WXKit.h"; sourceTree = "<group>"; };
		6F6A5E061B1E7AB40040DA5A /* UILabel+WXKit.m */ = {isa = PBXFileReference; fileEncoding = 4; lastKnownFileType = sourcecode.c.objc; path = "UILabel+WXKit.m"; sourceTree = "<group>"; };
		6F6A5E071B1E7AB40040DA5A /* UIView+WXKit.h */ = {isa = PBXFileReference; fileEncoding = 4; lastKnownFileType = sourcecode.c.h; path = "UIView+WXKit.h"; sourceTree = "<group>"; };
		6F6A5E081B1E7AB40040DA5A /* UIView+WXKit.m */ = {isa = PBXFileReference; fileEncoding = 4; lastKnownFileType = sourcecode.c.objc; path = "UIView+WXKit.m"; sourceTree = "<group>"; };
		6F6A5E091B1E7AB40040DA5A /* WXUIKit.h */ = {isa = PBXFileReference; fileEncoding = 4; lastKnownFileType = sourcecode.c.h; path = WXUIKit.h; sourceTree = "<group>"; };
		6F6A5E0B1B1E7AB40040DA5A /* WXActionSheet.h */ = {isa = PBXFileReference; fileEncoding = 4; lastKnownFileType = sourcecode.c.h; path = WXActionSheet.h; sourceTree = "<group>"; };
		6F6A5E0C1B1E7AB40040DA5A /* WXActionSheet.m */ = {isa = PBXFileReference; fileEncoding = 4; lastKnownFileType = sourcecode.c.objc; path = WXActionSheet.m; sourceTree = "<group>"; };
		6F6A5E0D1B1E7AB40040DA5A /* WXAlertView.h */ = {isa = PBXFileReference; fileEncoding = 4; lastKnownFileType = sourcecode.c.h; path = WXAlertView.h; sourceTree = "<group>"; };
		6F6A5E0E1B1E7AB40040DA5A /* WXAlertView.m */ = {isa = PBXFileReference; fileEncoding = 4; lastKnownFileType = sourcecode.c.objc; path = WXAlertView.m; sourceTree = "<group>"; };
		6F6A5E0F1B1E7AB40040DA5A /* WXBarButtonItem.h */ = {isa = PBXFileReference; fileEncoding = 4; lastKnownFileType = sourcecode.c.h; path = WXBarButtonItem.h; sourceTree = "<group>"; };
		6F6A5E101B1E7AB40040DA5A /* WXBarButtonItem.m */ = {isa = PBXFileReference; fileEncoding = 4; lastKnownFileType = sourcecode.c.objc; path = WXBarButtonItem.m; sourceTree = "<group>"; };
		6F6A5E111B1E7AB40040DA5A /* WXButton.h */ = {isa = PBXFileReference; fileEncoding = 4; lastKnownFileType = sourcecode.c.h; path = WXButton.h; sourceTree = "<group>"; };
		6F6A5E121B1E7AB40040DA5A /* WXButton.m */ = {isa = PBXFileReference; fileEncoding = 4; lastKnownFileType = sourcecode.c.objc; path = WXButton.m; sourceTree = "<group>"; };
		6F6A5E131B1E7AB40040DA5A /* WXDownloadProgressView.h */ = {isa = PBXFileReference; fileEncoding = 4; lastKnownFileType = sourcecode.c.h; path = WXDownloadProgressView.h; sourceTree = "<group>"; };
		6F6A5E141B1E7AB40040DA5A /* WXDownloadProgressView.m */ = {isa = PBXFileReference; fileEncoding = 4; lastKnownFileType = sourcecode.c.objc; path = WXDownloadProgressView.m; sourceTree = "<group>"; };
		6F6A5E151B1E7AB40040DA5A /* WXLabel.h */ = {isa = PBXFileReference; fileEncoding = 4; lastKnownFileType = sourcecode.c.h; path = WXLabel.h; sourceTree = "<group>"; };
		6F6A5E161B1E7AB40040DA5A /* WXLabel.m */ = {isa = PBXFileReference; fileEncoding = 4; lastKnownFileType = sourcecode.c.objc; path = WXLabel.m; sourceTree = "<group>"; };
		6F6A5E171B1E7AB40040DA5A /* WXProgressView.h */ = {isa = PBXFileReference; fileEncoding = 4; lastKnownFileType = sourcecode.c.h; path = WXProgressView.h; sourceTree = "<group>"; };
		6F6A5E181B1E7AB40040DA5A /* WXProgressView.m */ = {isa = PBXFileReference; fileEncoding = 4; lastKnownFileType = sourcecode.c.objc; path = WXProgressView.m; sourceTree = "<group>"; };
		6F6A5E191B1E7AB40040DA5A /* WXTextInput.h */ = {isa = PBXFileReference; fileEncoding = 4; lastKnownFileType = sourcecode.c.h; path = WXTextInput.h; sourceTree = "<group>"; };
		6F6A5E1A1B1E7AB40040DA5A /* WXTextInput.m */ = {isa = PBXFileReference; fileEncoding = 4; lastKnownFileType = sourcecode.c.objc; path = WXTextInput.m; sourceTree = "<group>"; };
		6F6A5E1B1B1E7AB40040DA5A /* WXTextLabel.h */ = {isa = PBXFileReference; fileEncoding = 4; lastKnownFileType = sourcecode.c.h; path = WXTextLabel.h; sourceTree = "<group>"; };
		6F6A5E1C1B1E7AB40040DA5A /* WXTextLabel.m */ = {isa = PBXFileReference; fileEncoding = 4; lastKnownFileType = sourcecode.c.objc; path = WXTextLabel.m; sourceTree = "<group>"; };
		6F6A5E1D1B1E7AB40040DA5A /* WXUIKitExtended.h */ = {isa = PBXFileReference; fileEncoding = 4; lastKnownFileType = sourcecode.c.h; path = WXUIKitExtended.h; sourceTree = "<group>"; };
		6F6A5E1E1B1E7AB40040DA5A /* WXView.h */ = {isa = PBXFileReference; fileEncoding = 4; lastKnownFileType = sourcecode.c.h; path = WXView.h; sourceTree = "<group>"; };
		6F6A5E1F1B1E7AB40040DA5A /* WXView.m */ = {isa = PBXFileReference; fileEncoding = 4; lastKnownFileType = sourcecode.c.objc; path = WXView.m; sourceTree = "<group>"; };
		6F6A5E211B1E7AB40040DA5A /* WXBlockDebouncer.h */ = {isa = PBXFileReference; fileEncoding = 4; lastKnownFileType = sourcecode.c.h; path = WXBlockDebouncer.h; sourceTree = "<group>"; };
		6F6A5E221B1E7AB40040DA5A /* WXBlockDebouncer.m */ = {isa = PBXFileReference; fileEncoding = 4; lastKnownFileType = sourcecode.c.objc; path = WXBlockDebouncer.m; sourceTree = "<group>"; };
		6F6A5E231B1E7AB40040DA5A /* WXUtilities.h */ = {isa = PBXFileReference; fileEncoding = 4; lastKnownFileType = sourcecode.c.h; path = WXUtilities.h; sourceTree = "<group>"; };
		6F6A5E411B1E7AD40040DA5A /* WXUnitTestKit.h */ = {isa = PBXFileReference; fileEncoding = 4; lastKnownFileType = sourcecode.c.h; path = WXUnitTestKit.h; sourceTree = "<group>"; };
		6F6A5E421B1E7AD40040DA5A /* WXUtilities.h */ = {isa = PBXFileReference; fileEncoding = 4; lastKnownFileType = sourcecode.c.h; path = WXUtilities.h; sourceTree = "<group>"; };
		6F6A5E431B1E7AD40040DA5A /* XCTestCase+WXKit.h */ = {isa = PBXFileReference; fileEncoding = 4; lastKnownFileType = sourcecode.c.h; path = "XCTestCase+WXKit.h"; sourceTree = "<group>"; };
		6F6A5E441B1E7AD40040DA5A /* XCTestCase+WXKit.m */ = {isa = PBXFileReference; fileEncoding = 4; lastKnownFileType = sourcecode.c.objc; path = "XCTestCase+WXKit.m"; sourceTree = "<group>"; };
		6F6A5E461B1E7F380040DA5A /* WXProgressButton.h */ = {isa = PBXFileReference; fileEncoding = 4; lastKnownFileType = sourcecode.c.h; path = WXProgressButton.h; sourceTree = "<group>"; };
		6F6A5E471B1E7F380040DA5A /* WXProgressButton.m */ = {isa = PBXFileReference; fileEncoding = 4; lastKnownFileType = sourcecode.c.objc; path = WXProgressButton.m; sourceTree = "<group>"; };
		6F88A6AA18EE1AD600B9F8DA /* WXKit.xcdatamodel */ = {isa = PBXFileReference; lastKnownFileType = wrapper.xcdatamodel; path = WXKit.xcdatamodel; sourceTree = "<group>"; };
		6F88A6B718EE1FC000B9F8DA /* WXManagedObjectContextTests.m */ = {isa = PBXFileReference; fileEncoding = 4; lastKnownFileType = sourcecode.c.objc; path = WXManagedObjectContextTests.m; sourceTree = "<group>"; };
		6F88A6B918EE216500B9F8DA /* WXTestDefaults.h */ = {isa = PBXFileReference; fileEncoding = 4; lastKnownFileType = sourcecode.c.h; path = WXTestDefaults.h; sourceTree = "<group>"; };
		6F88A6BA18EE216500B9F8DA /* WXTestDefaults.m */ = {isa = PBXFileReference; fileEncoding = 4; lastKnownFileType = sourcecode.c.objc; path = WXTestDefaults.m; sourceTree = "<group>"; };
		6F88A6C018EE239900B9F8DA /* WXKitTests-Prefix.pch */ = {isa = PBXFileReference; lastKnownFileType = sourcecode.c.h; path = "WXKitTests-Prefix.pch"; sourceTree = "<group>"; };
		6F88A6C818EE283300B9F8DA /* WXAccount.h */ = {isa = PBXFileReference; fileEncoding = 4; lastKnownFileType = sourcecode.c.h; name = WXAccount.h; path = CoreData/WXAccount.h; sourceTree = "<group>"; };
		6F88A6C918EE283300B9F8DA /* WXAccount.m */ = {isa = PBXFileReference; fileEncoding = 4; lastKnownFileType = sourcecode.c.objc; name = WXAccount.m; path = CoreData/WXAccount.m; sourceTree = "<group>"; };
		6F88A6CB18EE283400B9F8DA /* WXCompany.h */ = {isa = PBXFileReference; fileEncoding = 4; lastKnownFileType = sourcecode.c.h; name = WXCompany.h; path = CoreData/WXCompany.h; sourceTree = "<group>"; };
		6F88A6CC18EE283400B9F8DA /* WXCompany.m */ = {isa = PBXFileReference; fileEncoding = 4; lastKnownFileType = sourcecode.c.objc; name = WXCompany.m; path = CoreData/WXCompany.m; sourceTree = "<group>"; };
		6F88A6CF18EE2C7300B9F8DA /* WXManagedObjectTests.m */ = {isa = PBXFileReference; fileEncoding = 4; lastKnownFileType = sourcecode.c.objc; path = WXManagedObjectTests.m; sourceTree = "<group>"; };
		6F8B531418F0388D003F62DB /* WXWaitWhileTest.m */ = {isa = PBXFileReference; fileEncoding = 4; lastKnownFileType = sourcecode.c.objc; path = WXWaitWhileTest.m; sourceTree = "<group>"; };
		6FA7BD7B1910D62D0089B741 /* WXUnitTests.m */ = {isa = PBXFileReference; fileEncoding = 4; lastKnownFileType = sourcecode.c.objc; path = WXUnitTests.m; sourceTree = "<group>"; };
		6FB1936E18FB6EF1002820B4 /* WXUser.h */ = {isa = PBXFileReference; fileEncoding = 4; lastKnownFileType = sourcecode.c.h; path = WXUser.h; sourceTree = "<group>"; };
		6FB1936F18FB6EF1002820B4 /* WXUser.m */ = {isa = PBXFileReference; fileEncoding = 4; lastKnownFileType = sourcecode.c.objc; path = WXUser.m; sourceTree = "<group>"; };
		6FB1937318FB6F4E002820B4 /* WXObjectTests.m */ = {isa = PBXFileReference; fileEncoding = 4; lastKnownFileType = sourcecode.c.objc; path = WXObjectTests.m; sourceTree = "<group>"; };
		6FCE9AE7199B2889003D6A1B /* WXKit.h */ = {isa = PBXFileReference; lastKnownFileType = sourcecode.c.h; name = WXKit.h; path = WXKit/WXKit.h; sourceTree = "<group>"; };
		6FD550B51869072200FA1277 /* WXStringTests.m */ = {isa = PBXFileReference; fileEncoding = 4; lastKnownFileType = sourcecode.c.objc; path = WXStringTests.m; sourceTree = "<group>"; };
		6FD550B7186913C900FA1277 /* WXDateTests.m */ = {isa = PBXFileReference; fileEncoding = 4; lastKnownFileType = sourcecode.c.objc; path = WXDateTests.m; sourceTree = "<group>"; };
		6FEE33F1186ED43800F084A8 /* WXUIColorTests.m */ = {isa = PBXFileReference; fileEncoding = 4; lastKnownFileType = sourcecode.c.objc; path = WXUIColorTests.m; sourceTree = "<group>"; };
		6FF6CFE5191755B700767C93 /* Storyboard.storyboard */ = {isa = PBXFileReference; fileEncoding = 4; lastKnownFileType = file.storyboard; path = Storyboard.storyboard; sourceTree = "<group>"; };
		6FF6CFEB19175F2E00767C93 /* QuartzCore.framework */ = {isa = PBXFileReference; lastKnownFileType = wrapper.framework; name = QuartzCore.framework; path = System/Library/Frameworks/QuartzCore.framework; sourceTree = SDKROOT; };
		6FF6CFED1917790D00767C93 /* WXViewController.h */ = {isa = PBXFileReference; fileEncoding = 4; lastKnownFileType = sourcecode.c.h; path = WXViewController.h; sourceTree = "<group>"; };
		6FF6CFEE1917790D00767C93 /* WXViewController.m */ = {isa = PBXFileReference; fileEncoding = 4; lastKnownFileType = sourcecode.c.objc; path = WXViewController.m; sourceTree = "<group>"; };
/* End PBXFileReference section */

/* Begin PBXFrameworksBuildPhase section */
		6F4B52B618681E1E00F37378 /* Frameworks */ = {
			isa = PBXFrameworksBuildPhase;
			buildActionMask = 2147483647;
			files = (
				6FF6CFEC19175F2E00767C93 /* QuartzCore.framework in Frameworks */,
				6F4B52BF18681E1F00F37378 /* CoreGraphics.framework in Frameworks */,
				6F4B52C118681E1F00F37378 /* UIKit.framework in Frameworks */,
				6F4B52BD18681E1F00F37378 /* Foundation.framework in Frameworks */,
			);
			runOnlyForDeploymentPostprocessing = 0;
		};
		6F4B52D118681E1F00F37378 /* Frameworks */ = {
			isa = PBXFrameworksBuildPhase;
			buildActionMask = 2147483647;
			files = (
				6F4B52D618681E1F00F37378 /* XCTest.framework in Frameworks */,
				6F4B52D818681E1F00F37378 /* UIKit.framework in Frameworks */,
				6F4B52D718681E1F00F37378 /* Foundation.framework in Frameworks */,
			);
			runOnlyForDeploymentPostprocessing = 0;
		};
/* End PBXFrameworksBuildPhase section */

/* Begin PBXGroup section */
		6F4B52B018681E1E00F37378 = {
			isa = PBXGroup;
			children = (
				6F4B52C218681E1F00F37378 /* WXKit */,
				6F4B52DB18681E1F00F37378 /* WXKitTests */,
				6F4B52BB18681E1F00F37378 /* Frameworks */,
				6F4B52BA18681E1F00F37378 /* Products */,
			);
			sourceTree = "<group>";
		};
		6F4B52BA18681E1F00F37378 /* Products */ = {
			isa = PBXGroup;
			children = (
				6F4B52B918681E1F00F37378 /* WXKit.app */,
				6F4B52D418681E1F00F37378 /* WXKitTests.xctest */,
			);
			name = Products;
			sourceTree = "<group>";
		};
		6F4B52BB18681E1F00F37378 /* Frameworks */ = {
			isa = PBXGroup;
			children = (
				6FF6CFEB19175F2E00767C93 /* QuartzCore.framework */,
				6F4B52BC18681E1F00F37378 /* Foundation.framework */,
				6F4B52BE18681E1F00F37378 /* CoreGraphics.framework */,
				6F4B52C018681E1F00F37378 /* UIKit.framework */,
				6F4B52D518681E1F00F37378 /* XCTest.framework */,
			);
			name = Frameworks;
			sourceTree = "<group>";
		};
		6F4B52C218681E1F00F37378 /* WXKit */ = {
			isa = PBXGroup;
			children = (
				6F4B52EB18681F3A00F37378 /* WXKit */,
				6F4B52CB18681E1F00F37378 /* WXAppDelegate.h */,
				6F4B52CC18681E1F00F37378 /* WXAppDelegate.m */,
				6F4B52CE18681E1F00F37378 /* Images.xcassets */,
				6F4B52C318681E1F00F37378 /* Supporting Files */,
				6FF6CFE5191755B700767C93 /* Storyboard.storyboard */,
				6FF6CFED1917790D00767C93 /* WXViewController.h */,
				6FF6CFEE1917790D00767C93 /* WXViewController.m */,
			);
			path = WXKit;
			sourceTree = "<group>";
		};
		6F4B52C318681E1F00F37378 /* Supporting Files */ = {
			isa = PBXGroup;
			children = (
				6F4B52C418681E1F00F37378 /* WXKit-Info.plist */,
				6F4B52C518681E1F00F37378 /* InfoPlist.strings */,
				6F4B52C818681E1F00F37378 /* main.m */,
				6F4B52CA18681E1F00F37378 /* WXKit-Prefix.pch */,
			);
			name = "Supporting Files";
			sourceTree = "<group>";
		};
		6F4B52DB18681E1F00F37378 /* WXKitTests */ = {
			isa = PBXGroup;
			children = (
				6F6A5E401B1E7AD40040DA5A /* TestKit */,
				6F88A6C118EE24D500B9F8DA /* Tests */,
				6F88A6AC18EE1ADC00B9F8DA /* CoreData */,
				6FB1936E18FB6EF1002820B4 /* WXUser.h */,
				6FB1936F18FB6EF1002820B4 /* WXUser.m */,
				6F88A6B918EE216500B9F8DA /* WXTestDefaults.h */,
				6F88A6BA18EE216500B9F8DA /* WXTestDefaults.m */,
				6F4B52DC18681E1F00F37378 /* Supporting Files */,
			);
			path = WXKitTests;
			sourceTree = "<group>";
		};
		6F4B52DC18681E1F00F37378 /* Supporting Files */ = {
			isa = PBXGroup;
			children = (
				6F4B52DD18681E1F00F37378 /* WXKitTests-Info.plist */,
				6F4B52DE18681E1F00F37378 /* InfoPlist.strings */,
				6F88A6C018EE239900B9F8DA /* WXKitTests-Prefix.pch */,
			);
			name = "Supporting Files";
			sourceTree = "<group>";
		};
		6F4B52EB18681F3A00F37378 /* WXKit */ = {
			isa = PBXGroup;
			children = (
				6F6A5DE41B1E7AB40040DA5A /* Fundation */,
				6F6A5DFA1B1E7AB40040DA5A /* UIKit */,
				6F6A5E0A1B1E7AB40040DA5A /* UIKitExtended */,
				6F6A5E201B1E7AB40040DA5A /* Utilities */,
				6FCE9AE7199B2889003D6A1B /* WXKit.h */,
			);
			name = WXKit;
			sourceTree = "<group>";
		};
		6F6A5DE41B1E7AB40040DA5A /* Fundation */ = {
			isa = PBXGroup;
			children = (
				6F6A5DE51B1E7AB40040DA5A /* NSArray+WXKit.h */,
				6F6A5DE61B1E7AB40040DA5A /* NSArray+WXKit.m */,
				6F6A5DE71B1E7AB40040DA5A /* NSDate+WXKit.h */,
				6F6A5DE81B1E7AB40040DA5A /* NSDate+WXKit.m */,
				6F6A5DE91B1E7AB40040DA5A /* NSManagedObject+WXKit.h */,
				6F6A5DEA1B1E7AB40040DA5A /* NSManagedObject+WXKit.m */,
				6F6A5DEB1B1E7AB40040DA5A /* NSManagedObjectContext+WXKit.h */,
				6F6A5DEC1B1E7AB40040DA5A /* NSManagedObjectContext+WXKit.m */,
				6F6A5DED1B1E7AB40040DA5A /* NSMutableArray+WXKit.h */,
				6F6A5DEE1B1E7AB40040DA5A /* NSMutableArray+WXKit.m */,
				6F6A5DEF1B1E7AB40040DA5A /* NSMutableString+WXKit.h */,
				6F6A5DF01B1E7AB40040DA5A /* NSMutableString+WXKit.m */,
				6F6A5DF11B1E7AB40040DA5A /* NSNumber+WXKit.h */,
				6F6A5DF21B1E7AB40040DA5A /* NSNumber+WXKit.m */,
				6F6A5DF31B1E7AB40040DA5A /* NSObject+WXKit.h */,
				6F6A5DF41B1E7AB40040DA5A /* NSObject+WXKit.m */,
				6F6A5DF51B1E7AB40040DA5A /* NSString+WXKit.h */,
				6F6A5DF61B1E7AB40040DA5A /* NSString+WXKit.m */,
				6F6A5DF71B1E7AB40040DA5A /* NSURL+WXKit.h */,
				6F6A5DF81B1E7AB40040DA5A /* NSURL+WXKit.m */,
				6F6A5DF91B1E7AB40040DA5A /* WXFundation.h */,
			);
			name = Fundation;
			path = WXKit/Fundation;
			sourceTree = "<group>";
		};
		6F6A5DFA1B1E7AB40040DA5A /* UIKit */ = {
			isa = PBXGroup;
			children = (
				6F6A5DFB1B1E7AB40040DA5A /* UIBarButtonItem+WXKit.h */,
				6F6A5DFC1B1E7AB40040DA5A /* UIBarButtonItem+WXKit.m */,
				6F6A5DFD1B1E7AB40040DA5A /* UIColor+WXKit.h */,
				6F6A5DFE1B1E7AB40040DA5A /* UIColor+WXKit.m */,
				6F6A5DFF1B1E7AB40040DA5A /* UIDevice+WXKit.h */,
				6F6A5E001B1E7AB40040DA5A /* UIDevice+WXKit.m */,
				6F6A5E011B1E7AB40040DA5A /* UIImage+WXKit.h */,
				6F6A5E021B1E7AB40040DA5A /* UIImage+WXKit.m */,
				6F6A5E031B1E7AB40040DA5A /* UIImageView+WXKit.h */,
				6F6A5E041B1E7AB40040DA5A /* UIImageView+WXKit.m */,
				6F6A5E051B1E7AB40040DA5A /* UILabel+WXKit.h */,
				6F6A5E061B1E7AB40040DA5A /* UILabel+WXKit.m */,
				6F6A5E071B1E7AB40040DA5A /* UIView+WXKit.h */,
				6F6A5E081B1E7AB40040DA5A /* UIView+WXKit.m */,
				6F6A5E091B1E7AB40040DA5A /* WXUIKit.h */,
			);
			name = UIKit;
			path = WXKit/UIKit;
			sourceTree = "<group>";
		};
		6F6A5E0A1B1E7AB40040DA5A /* UIKitExtended */ = {
			isa = PBXGroup;
			children = (
				6F6A5E0B1B1E7AB40040DA5A /* WXActionSheet.h */,
				6F6A5E0C1B1E7AB40040DA5A /* WXActionSheet.m */,
				6F6A5E0D1B1E7AB40040DA5A /* WXAlertView.h */,
				6F6A5E0E1B1E7AB40040DA5A /* WXAlertView.m */,
				6F6A5E0F1B1E7AB40040DA5A /* WXBarButtonItem.h */,
				6F6A5E101B1E7AB40040DA5A /* WXBarButtonItem.m */,
				6F6A5E111B1E7AB40040DA5A /* WXButton.h */,
				6F6A5E121B1E7AB40040DA5A /* WXButton.m */,
				6F6A5E131B1E7AB40040DA5A /* WXDownloadProgressView.h */,
				6F6A5E141B1E7AB40040DA5A /* WXDownloadProgressView.m */,
				6F6A5E151B1E7AB40040DA5A /* WXLabel.h */,
				6F6A5E161B1E7AB40040DA5A /* WXLabel.m */,
				6F6A5E461B1E7F380040DA5A /* WXProgressButton.h */,
				6F6A5E471B1E7F380040DA5A /* WXProgressButton.m */,
				6F6A5E171B1E7AB40040DA5A /* WXProgressView.h */,
				6F6A5E181B1E7AB40040DA5A /* WXProgressView.m */,
				6F6A5E191B1E7AB40040DA5A /* WXTextInput.h */,
				6F6A5E1A1B1E7AB40040DA5A /* WXTextInput.m */,
				6F6A5E1B1B1E7AB40040DA5A /* WXTextLabel.h */,
				6F6A5E1C1B1E7AB40040DA5A /* WXTextLabel.m */,
				6F6A5E1D1B1E7AB40040DA5A /* WXUIKitExtended.h */,
				6F6A5E1E1B1E7AB40040DA5A /* WXView.h */,
				6F6A5E1F1B1E7AB40040DA5A /* WXView.m */,
			);
			name = UIKitExtended;
			path = WXKit/UIKitExtended;
			sourceTree = "<group>";
		};
		6F6A5E201B1E7AB40040DA5A /* Utilities */ = {
			isa = PBXGroup;
			children = (
				6F6A5E211B1E7AB40040DA5A /* WXBlockDebouncer.h */,
				6F6A5E221B1E7AB40040DA5A /* WXBlockDebouncer.m */,
				6F6A5E231B1E7AB40040DA5A /* WXUtilities.h */,
			);
			name = Utilities;
			path = WXKit/Utilities;
			sourceTree = "<group>";
		};
		6F6A5E401B1E7AD40040DA5A /* TestKit */ = {
			isa = PBXGroup;
			children = (
				6F6A5E411B1E7AD40040DA5A /* WXUnitTestKit.h */,
				6F6A5E421B1E7AD40040DA5A /* WXUtilities.h */,
				6F6A5E431B1E7AD40040DA5A /* XCTestCase+WXKit.h */,
				6F6A5E441B1E7AD40040DA5A /* XCTestCase+WXKit.m */,
			);
			name = TestKit;
			path = WXKit/WXKit/TestKit;
			sourceTree = SOURCE_ROOT;
		};
		6F88A6AC18EE1ADC00B9F8DA /* CoreData */ = {
			isa = PBXGroup;
			children = (
				6F88A6AD18EE1AED00B9F8DA /* Domains */,
				6F88A6A918EE1AD600B9F8DA /* WXKit.xcdatamodeld */,
			);
			name = CoreData;
			sourceTree = "<group>";
		};
		6F88A6AD18EE1AED00B9F8DA /* Domains */ = {
			isa = PBXGroup;
			children = (
				6F88A6CB18EE283400B9F8DA /* WXCompany.h */,
				6F88A6CC18EE283400B9F8DA /* WXCompany.m */,
				6F88A6C818EE283300B9F8DA /* WXAccount.h */,
				6F88A6C918EE283300B9F8DA /* WXAccount.m */,
			);
			name = Domains;
			sourceTree = "<group>";
		};
		6F88A6C118EE24D500B9F8DA /* Tests */ = {
			isa = PBXGroup;
			children = (
				6F4B530B1868420100F37378 /* WXArrayTests.m */,
				6FD550B51869072200FA1277 /* WXStringTests.m */,
				6F24169E18EE5F4600507FCE /* WXMutableStringTests.m */,
				6FD550B7186913C900FA1277 /* WXDateTests.m */,
				6FEE33F1186ED43800F084A8 /* WXUIColorTests.m */,
				6F88A6B718EE1FC000B9F8DA /* WXManagedObjectContextTests.m */,
				6F88A6CF18EE2C7300B9F8DA /* WXManagedObjectTests.m */,
				6F24169C18EE5DE000507FCE /* WXURLTests.m */,
				6F2416A018EE5F8500507FCE /* WXDeviceTests.m */,
				6F8B531418F0388D003F62DB /* WXWaitWhileTest.m */,
				6F5AFFCD18F212EC00B5BE21 /* WXIsObjectEqualTests.m */,
				6FB1937318FB6F4E002820B4 /* WXObjectTests.m */,
				6FA7BD7B1910D62D0089B741 /* WXUnitTests.m */,
				6F472D221A8AC04A00E65202 /* WXMacroTests.m */,
			);
			name = Tests;
			sourceTree = "<group>";
		};
/* End PBXGroup section */

/* Begin PBXNativeTarget section */
		6F4B52B818681E1E00F37378 /* WXKit */ = {
			isa = PBXNativeTarget;
			buildConfigurationList = 6F4B52E518681E1F00F37378 /* Build configuration list for PBXNativeTarget "WXKit" */;
			buildPhases = (
				6F4B52B518681E1E00F37378 /* Sources */,
				6F4B52B618681E1E00F37378 /* Frameworks */,
				6F4B52B718681E1E00F37378 /* Resources */,
			);
			buildRules = (
			);
			dependencies = (
			);
			name = WXKit;
			productName = WXKit;
			productReference = 6F4B52B918681E1F00F37378 /* WXKit.app */;
			productType = "com.apple.product-type.application";
		};
		6F4B52D318681E1F00F37378 /* WXKitTests */ = {
			isa = PBXNativeTarget;
			buildConfigurationList = 6F4B52E818681E1F00F37378 /* Build configuration list for PBXNativeTarget "WXKitTests" */;
			buildPhases = (
				6F4B52D018681E1F00F37378 /* Sources */,
				6F4B52D118681E1F00F37378 /* Frameworks */,
				6F4B52D218681E1F00F37378 /* Resources */,
			);
			buildRules = (
			);
			dependencies = (
				6F4B52DA18681E1F00F37378 /* PBXTargetDependency */,
			);
			name = WXKitTests;
			productName = WXKitTests;
			productReference = 6F4B52D418681E1F00F37378 /* WXKitTests.xctest */;
			productType = "com.apple.product-type.bundle.unit-test";
		};
/* End PBXNativeTarget section */

/* Begin PBXProject section */
		6F4B52B118681E1E00F37378 /* Project object */ = {
			isa = PBXProject;
			attributes = {
				CLASSPREFIX = WX;
				LastUpgradeCheck = 0510;
				ORGANIZATIONNAME = "Charlie Wu";
				TargetAttributes = {
					6F4B52D318681E1F00F37378 = {
						TestTargetID = 6F4B52B818681E1E00F37378;
					};
				};
			};
			buildConfigurationList = 6F4B52B418681E1E00F37378 /* Build configuration list for PBXProject "WXKit" */;
			compatibilityVersion = "Xcode 3.2";
			developmentRegion = English;
			hasScannedForEncodings = 0;
			knownRegions = (
				en,
			);
			mainGroup = 6F4B52B018681E1E00F37378;
			productRefGroup = 6F4B52BA18681E1F00F37378 /* Products */;
			projectDirPath = "";
			projectRoot = "";
			targets = (
				6F4B52B818681E1E00F37378 /* WXKit */,
				6F4B52D318681E1F00F37378 /* WXKitTests */,
			);
		};
/* End PBXProject section */

/* Begin PBXResourcesBuildPhase section */
		6F4B52B718681E1E00F37378 /* Resources */ = {
			isa = PBXResourcesBuildPhase;
			buildActionMask = 2147483647;
			files = (
				6F4B52C718681E1F00F37378 /* InfoPlist.strings in Resources */,
				6F4B52CF18681E1F00F37378 /* Images.xcassets in Resources */,
				6FF6CFE6191755B700767C93 /* Storyboard.storyboard in Resources */,
			);
			runOnlyForDeploymentPostprocessing = 0;
		};
		6F4B52D218681E1F00F37378 /* Resources */ = {
			isa = PBXResourcesBuildPhase;
			buildActionMask = 2147483647;
			files = (
				6F4B52E018681E1F00F37378 /* InfoPlist.strings in Resources */,
			);
			runOnlyForDeploymentPostprocessing = 0;
		};
/* End PBXResourcesBuildPhase section */

/* Begin PBXSourcesBuildPhase section */
		6F4B52B518681E1E00F37378 /* Sources */ = {
			isa = PBXSourcesBuildPhase;
			buildActionMask = 2147483647;
			files = (
				6F6A5E481B1E7F380040DA5A /* WXProgressButton.m in Sources */,
				6F6A5E2D1B1E7AB40040DA5A /* NSURL+WXKit.m in Sources */,
				6F6A5E321B1E7AB40040DA5A /* UIImageView+WXKit.m in Sources */,
				6F6A5E301B1E7AB40040DA5A /* UIDevice+WXKit.m in Sources */,
				6F6A5E2A1B1E7AB40040DA5A /* NSNumber+WXKit.m in Sources */,
				6F6A5E3C1B1E7AB40040DA5A /* WXTextInput.m in Sources */,
				6F6A5E281B1E7AB40040DA5A /* NSMutableArray+WXKit.m in Sources */,
				6F6A5E261B1E7AB40040DA5A /* NSManagedObject+WXKit.m in Sources */,
				6F6A5E241B1E7AB40040DA5A /* NSArray+WXKit.m in Sources */,
				6F88A6CE18EE2AA500B9F8DA /* WXKit.xcdatamodeld in Sources */,
				6F6A5E2B1B1E7AB40040DA5A /* NSObject+WXKit.m in Sources */,
				6F6A5E251B1E7AB40040DA5A /* NSDate+WXKit.m in Sources */,
				6F6A5E3E1B1E7AB40040DA5A /* WXView.m in Sources */,
				6FF6CFEF1917790D00767C93 /* WXViewController.m in Sources */,
				6F6A5E361B1E7AB40040DA5A /* WXAlertView.m in Sources */,
				6F6A5E2F1B1E7AB40040DA5A /* UIColor+WXKit.m in Sources */,
				6F6A5E2C1B1E7AB40040DA5A /* NSString+WXKit.m in Sources */,
				6F6A5E391B1E7AB40040DA5A /* WXDownloadProgressView.m in Sources */,
				6F6A5E341B1E7AB40040DA5A /* UIView+WXKit.m in Sources */,
				6F6A5E2E1B1E7AB40040DA5A /* UIBarButtonItem+WXKit.m in Sources */,
				6F6A5E331B1E7AB40040DA5A /* UILabel+WXKit.m in Sources */,
				6F6A5E3B1B1E7AB40040DA5A /* WXProgressView.m in Sources */,
				6F6A5E3D1B1E7AB40040DA5A /* WXTextLabel.m in Sources */,
				6F6A5E3A1B1E7AB40040DA5A /* WXLabel.m in Sources */,
				6F6A5E271B1E7AB40040DA5A /* NSManagedObjectContext+WXKit.m in Sources */,
				6F4B52C918681E1F00F37378 /* main.m in Sources */,
				6F6A5E371B1E7AB40040DA5A /* WXBarButtonItem.m in Sources */,
				6F6A5E291B1E7AB40040DA5A /* NSMutableString+WXKit.m in Sources */,
				6F4B52CD18681E1F00F37378 /* WXAppDelegate.m in Sources */,
				6F6A5E381B1E7AB40040DA5A /* WXButton.m in Sources */,
				6F6A5E351B1E7AB40040DA5A /* WXActionSheet.m in Sources */,
				6F6A5E3F1B1E7AB40040DA5A /* WXBlockDebouncer.m in Sources */,
				6F6A5E311B1E7AB40040DA5A /* UIImage+WXKit.m in Sources */,
			);
			runOnlyForDeploymentPostprocessing = 0;
		};
		6F4B52D018681E1F00F37378 /* Sources */ = {
			isa = PBXSourcesBuildPhase;
			buildActionMask = 2147483647;
			files = (
				6FB1937418FB6F4E002820B4 /* WXObjectTests.m in Sources */,
				6FB1937018FB6EF1002820B4 /* WXUser.m in Sources */,
				6F6A5E451B1E7AD40040DA5A /* XCTestCase+WXKit.m in Sources */,
				6F88A6CA18EE283300B9F8DA /* WXAccount.m in Sources */,
				6FA7BD7C1910D62D0089B741 /* WXUnitTests.m in Sources */,
				6F88A6B818EE1FC000B9F8DA /* WXManagedObjectContextTests.m in Sources */,
				6F88A6CD18EE283400B9F8DA /* WXCompany.m in Sources */,
				6F88A6BB18EE216500B9F8DA /* WXTestDefaults.m in Sources */,
				6F24169F18EE5F4600507FCE /* WXMutableStringTests.m in Sources */,
				6F24169D18EE5DE000507FCE /* WXURLTests.m in Sources */,
				6FD550B8186913C900FA1277 /* WXDateTests.m in Sources */,
				6F8B531518F0388D003F62DB /* WXWaitWhileTest.m in Sources */,
				6F2416A118EE5F8500507FCE /* WXDeviceTests.m in Sources */,
				6F4B530C1868420100F37378 /* WXArrayTests.m in Sources */,
				6F5AFFCE18F212EC00B5BE21 /* WXIsObjectEqualTests.m in Sources */,
				6F88A6D018EE2C7300B9F8DA /* WXManagedObjectTests.m in Sources */,
				6FD550B61869072200FA1277 /* WXStringTests.m in Sources */,
				6F472D231A8AC04A00E65202 /* WXMacroTests.m in Sources */,
				6FEE33F2186ED43800F084A8 /* WXUIColorTests.m in Sources */,
				6F88A6AB18EE1AD600B9F8DA /* WXKit.xcdatamodeld in Sources */,
			);
			runOnlyForDeploymentPostprocessing = 0;
		};
/* End PBXSourcesBuildPhase section */

/* Begin PBXTargetDependency section */
		6F4B52DA18681E1F00F37378 /* PBXTargetDependency */ = {
			isa = PBXTargetDependency;
			target = 6F4B52B818681E1E00F37378 /* WXKit */;
			targetProxy = 6F4B52D918681E1F00F37378 /* PBXContainerItemProxy */;
		};
/* End PBXTargetDependency section */

/* Begin PBXVariantGroup section */
		6F4B52C518681E1F00F37378 /* InfoPlist.strings */ = {
			isa = PBXVariantGroup;
			children = (
				6F4B52C618681E1F00F37378 /* en */,
			);
			name = InfoPlist.strings;
			sourceTree = "<group>";
		};
		6F4B52DE18681E1F00F37378 /* InfoPlist.strings */ = {
			isa = PBXVariantGroup;
			children = (
				6F4B52DF18681E1F00F37378 /* en */,
			);
			name = InfoPlist.strings;
			sourceTree = "<group>";
		};
/* End PBXVariantGroup section */

/* Begin XCBuildConfiguration section */
		6F4B52E318681E1F00F37378 /* Debug */ = {
			isa = XCBuildConfiguration;
			buildSettings = {
				ALWAYS_SEARCH_USER_PATHS = NO;
				CLANG_CXX_LANGUAGE_STANDARD = "gnu++0x";
				CLANG_CXX_LIBRARY = "libc++";
				CLANG_ENABLE_MODULES = YES;
				CLANG_ENABLE_OBJC_ARC = YES;
				CLANG_WARN_BOOL_CONVERSION = YES;
				CLANG_WARN_CONSTANT_CONVERSION = YES;
				CLANG_WARN_DIRECT_OBJC_ISA_USAGE = YES_ERROR;
				CLANG_WARN_EMPTY_BODY = YES;
				CLANG_WARN_ENUM_CONVERSION = YES;
				CLANG_WARN_INT_CONVERSION = YES;
				CLANG_WARN_OBJC_ROOT_CLASS = YES_ERROR;
				CLANG_WARN__DUPLICATE_METHOD_MATCH = YES;
				"CODE_SIGN_IDENTITY[sdk=iphoneos*]" = "iPhone Developer";
				COPY_PHASE_STRIP = NO;
				GCC_C_LANGUAGE_STANDARD = gnu99;
				GCC_DYNAMIC_NO_PIC = NO;
				GCC_OPTIMIZATION_LEVEL = 0;
				GCC_PREPROCESSOR_DEFINITIONS = (
					"DEBUG=1",
					"$(inherited)",
				);
				GCC_SYMBOLS_PRIVATE_EXTERN = NO;
				GCC_WARN_64_TO_32_BIT_CONVERSION = YES;
				GCC_WARN_ABOUT_RETURN_TYPE = YES_ERROR;
				GCC_WARN_UNDECLARED_SELECTOR = YES;
				GCC_WARN_UNINITIALIZED_AUTOS = YES;
				GCC_WARN_UNUSED_FUNCTION = YES;
				GCC_WARN_UNUSED_VARIABLE = YES;
				IPHONEOS_DEPLOYMENT_TARGET = 7.0;
				ONLY_ACTIVE_ARCH = YES;
				SDKROOT = iphoneos;
				TARGETED_DEVICE_FAMILY = "1,2";
			};
			name = Debug;
		};
		6F4B52E418681E1F00F37378 /* Release */ = {
			isa = XCBuildConfiguration;
			buildSettings = {
				ALWAYS_SEARCH_USER_PATHS = NO;
				CLANG_CXX_LANGUAGE_STANDARD = "gnu++0x";
				CLANG_CXX_LIBRARY = "libc++";
				CLANG_ENABLE_MODULES = YES;
				CLANG_ENABLE_OBJC_ARC = YES;
				CLANG_WARN_BOOL_CONVERSION = YES;
				CLANG_WARN_CONSTANT_CONVERSION = YES;
				CLANG_WARN_DIRECT_OBJC_ISA_USAGE = YES_ERROR;
				CLANG_WARN_EMPTY_BODY = YES;
				CLANG_WARN_ENUM_CONVERSION = YES;
				CLANG_WARN_INT_CONVERSION = YES;
				CLANG_WARN_OBJC_ROOT_CLASS = YES_ERROR;
				CLANG_WARN__DUPLICATE_METHOD_MATCH = YES;
				"CODE_SIGN_IDENTITY[sdk=iphoneos*]" = "iPhone Developer";
				COPY_PHASE_STRIP = YES;
				ENABLE_NS_ASSERTIONS = NO;
				GCC_C_LANGUAGE_STANDARD = gnu99;
				GCC_WARN_64_TO_32_BIT_CONVERSION = YES;
				GCC_WARN_ABOUT_RETURN_TYPE = YES_ERROR;
				GCC_WARN_UNDECLARED_SELECTOR = YES;
				GCC_WARN_UNINITIALIZED_AUTOS = YES;
				GCC_WARN_UNUSED_FUNCTION = YES;
				GCC_WARN_UNUSED_VARIABLE = YES;
				IPHONEOS_DEPLOYMENT_TARGET = 7.0;
				SDKROOT = iphoneos;
				TARGETED_DEVICE_FAMILY = "1,2";
				VALIDATE_PRODUCT = YES;
			};
			name = Release;
		};
		6F4B52E618681E1F00F37378 /* Debug */ = {
			isa = XCBuildConfiguration;
			buildSettings = {
				ASSETCATALOG_COMPILER_APPICON_NAME = AppIcon;
				ASSETCATALOG_COMPILER_LAUNCHIMAGE_NAME = LaunchImage;
				FRAMEWORK_SEARCH_PATHS = (
					"$(inherited)",
					"$(DEVELOPER_FRAMEWORKS_DIR)",
				);
				GCC_PRECOMPILE_PREFIX_HEADER = YES;
				GCC_PREFIX_HEADER = "WXKit/WXKit-Prefix.pch";
				INFOPLIST_FILE = "WXKit/WXKit-Info.plist";
				IPHONEOS_DEPLOYMENT_TARGET = 6.0;
				PRODUCT_NAME = "$(TARGET_NAME)";
				TARGETED_DEVICE_FAMILY = 1;
				WRAPPER_EXTENSION = app;
			};
			name = Debug;
		};
		6F4B52E718681E1F00F37378 /* Release */ = {
			isa = XCBuildConfiguration;
			buildSettings = {
				ASSETCATALOG_COMPILER_APPICON_NAME = AppIcon;
				ASSETCATALOG_COMPILER_LAUNCHIMAGE_NAME = LaunchImage;
				FRAMEWORK_SEARCH_PATHS = (
					"$(inherited)",
					"$(DEVELOPER_FRAMEWORKS_DIR)",
				);
				GCC_PRECOMPILE_PREFIX_HEADER = YES;
				GCC_PREFIX_HEADER = "WXKit/WXKit-Prefix.pch";
				INFOPLIST_FILE = "WXKit/WXKit-Info.plist";
				IPHONEOS_DEPLOYMENT_TARGET = 6.0;
				PRODUCT_NAME = "$(TARGET_NAME)";
				TARGETED_DEVICE_FAMILY = 1;
				WRAPPER_EXTENSION = app;
			};
			name = Release;
		};
		6F4B52E918681E1F00F37378 /* Debug */ = {
			isa = XCBuildConfiguration;
			buildSettings = {
				BUNDLE_LOADER = "$(BUILT_PRODUCTS_DIR)/WXKit.app/WXKit";
				CLANG_WARN_DOCUMENTATION_COMMENTS = YES;
				FRAMEWORK_SEARCH_PATHS = (
					"$(SDKROOT)/Developer/Library/Frameworks",
					"$(inherited)",
					"$(DEVELOPER_FRAMEWORKS_DIR)",
				);
				GCC_PRECOMPILE_PREFIX_HEADER = YES;
				GCC_PREFIX_HEADER = "WXKitTests/WXKitTests-Prefix.pch";
				GCC_PREPROCESSOR_DEFINITIONS = (
					"DEBUG=1",
					"$(inherited)",
				);
				INFOPLIST_FILE = "WXKitTests/WXKitTests-Info.plist";
				PRODUCT_NAME = "$(TARGET_NAME)";
				TEST_HOST = "$(BUNDLE_LOADER)";
			};
			name = Debug;
		};
		6F4B52EA18681E1F00F37378 /* Release */ = {
			isa = XCBuildConfiguration;
			buildSettings = {
				BUNDLE_LOADER = "$(BUILT_PRODUCTS_DIR)/WXKit.app/WXKit";
				CLANG_WARN_DOCUMENTATION_COMMENTS = YES;
				FRAMEWORK_SEARCH_PATHS = (
					"$(SDKROOT)/Developer/Library/Frameworks",
					"$(inherited)",
					"$(DEVELOPER_FRAMEWORKS_DIR)",
				);
				GCC_PRECOMPILE_PREFIX_HEADER = YES;
				GCC_PREFIX_HEADER = "WXKitTests/WXKitTests-Prefix.pch";
				INFOPLIST_FILE = "WXKitTests/WXKitTests-Info.plist";
				PRODUCT_NAME = "$(TARGET_NAME)";
				TEST_HOST = "$(BUNDLE_LOADER)";
			};
			name = Release;
		};
/* End XCBuildConfiguration section */

/* Begin XCConfigurationList section */
		6F4B52B418681E1E00F37378 /* Build configuration list for PBXProject "WXKit" */ = {
			isa = XCConfigurationList;
			buildConfigurations = (
				6F4B52E318681E1F00F37378 /* Debug */,
				6F4B52E418681E1F00F37378 /* Release */,
			);
			defaultConfigurationIsVisible = 0;
			defaultConfigurationName = Release;
		};
		6F4B52E518681E1F00F37378 /* Build configuration list for PBXNativeTarget "WXKit" */ = {
			isa = XCConfigurationList;
			buildConfigurations = (
				6F4B52E618681E1F00F37378 /* Debug */,
				6F4B52E718681E1F00F37378 /* Release */,
			);
			defaultConfigurationIsVisible = 0;
			defaultConfigurationName = Release;
		};
		6F4B52E818681E1F00F37378 /* Build configuration list for PBXNativeTarget "WXKitTests" */ = {
			isa = XCConfigurationList;
			buildConfigurations = (
				6F4B52E918681E1F00F37378 /* Debug */,
				6F4B52EA18681E1F00F37378 /* Release */,
			);
			defaultConfigurationIsVisible = 0;
			defaultConfigurationName = Release;
		};
/* End XCConfigurationList section */

/* Begin XCVersionGroup section */
		6F88A6A918EE1AD600B9F8DA /* WXKit.xcdatamodeld */ = {
			isa = XCVersionGroup;
			children = (
				6F88A6AA18EE1AD600B9F8DA /* WXKit.xcdatamodel */,
			);
			currentVersion = 6F88A6AA18EE1AD600B9F8DA /* WXKit.xcdatamodel */;
			name = WXKit.xcdatamodeld;
			path = CoreData/WXKit.xcdatamodeld;
			sourceTree = "<group>";
			versionGroupType = wrapper.xcdatamodel;
		};
/* End XCVersionGroup section */
	};
	rootObject = 6F4B52B118681E1E00F37378 /* Project object */;
}
